// !$*UTF8*$!
{
	archiveVersion = 1;
	classes = {
	};
	objectVersion = 48;
	objects = {

/* Begin PBXBuildFile section */
		0B0641FF1FD8B4A200EECC64 /* Texture.swift in Sources */ = {isa = PBXBuildFile; fileRef = 0B0641FE1FD8B4A200EECC64 /* Texture.swift */; };
		0B0642001FD8B4A200EECC64 /* Texture.swift in Sources */ = {isa = PBXBuildFile; fileRef = 0B0641FE1FD8B4A200EECC64 /* Texture.swift */; };
		0B0642021FD8BA0900EECC64 /* environment1.png in Resources */ = {isa = PBXBuildFile; fileRef = 0B0642011FD8BA0900EECC64 /* environment1.png */; };
		0B0642031FD8BA0900EECC64 /* environment1.png in Resources */ = {isa = PBXBuildFile; fileRef = 0B0642011FD8BA0900EECC64 /* environment1.png */; };
		0B0642081FD8C23D00EECC64 /* environment.json in Resources */ = {isa = PBXBuildFile; fileRef = 0B0642071FD8C23D00EECC64 /* environment.json */; };
		0B0642091FD8C23D00EECC64 /* environment.json in Resources */ = {isa = PBXBuildFile; fileRef = 0B0642071FD8C23D00EECC64 /* environment.json */; };
		D80BE56A1FCE5D7C0023713F /* DeviceBuffer.swift in Sources */ = {isa = PBXBuildFile; fileRef = D80BE5691FCE5D7C0023713F /* DeviceBuffer.swift */; };
		D81110601FC455E80059C01B /* intersections.metal in Sources */ = {isa = PBXBuildFile; fileRef = D811105F1FC455E80059C01B /* intersections.metal */; };
		D822E2301FD70F38009CF57D /* cornell-reflect.json in Resources */ = {isa = PBXBuildFile; fileRef = D822E22E1FD70F38009CF57D /* cornell-reflect.json */; };
		D822E2311FD70F38009CF57D /* cornell-reflect-ios.json in Resources */ = {isa = PBXBuildFile; fileRef = D822E22F1FD70F38009CF57D /* cornell-reflect-ios.json */; };
		D82563CC1FBCF73A00385DA6 /* SceneDelegate.swift in Sources */ = {isa = PBXBuildFile; fileRef = D82563CB1FBCF73A00385DA6 /* SceneDelegate.swift */; };
		D82563CE1FBD056E00385DA6 /* Scene.swift in Sources */ = {isa = PBXBuildFile; fileRef = D82563CD1FBD056E00385DA6 /* Scene.swift */; };
		D825716F1FBF9F2C00352CDD /* SharedBuffer.swift in Sources */ = {isa = PBXBuildFile; fileRef = D825716E1FBF9F2C00352CDD /* SharedBuffer.swift */; };
		D826C02F1FC867AE00BD8A3E /* PlatformTypes.swift in Sources */ = {isa = PBXBuildFile; fileRef = D826C02E1FC867AE00BD8A3E /* PlatformTypes.swift */; };
		D826C0C31FC8930800BD8A3E /* Pollux-Bridging-Header.h in Sources */ = {isa = PBXBuildFile; fileRef = D85B3EA71FB3F5D0001036B0 /* Pollux-Bridging-Header.h */; };
		D826EE001FCA4E750078118A /* StreamCompactor.metal in Sources */ = {isa = PBXBuildFile; fileRef = D826EDFE1FCA4E750078118A /* StreamCompactor.metal */; };
		D826EE011FCA4E750078118A /* StreamCompactor.swift in Sources */ = {isa = PBXBuildFile; fileRef = D826EDFF1FCA4E750078118A /* StreamCompactor.swift */; };
		D8388BD61FB3973600653E5D /* Metal.framework in Frameworks */ = {isa = PBXBuildFile; fileRef = D8388BD51FB3972E00653E5D /* Metal.framework */; };
		D8388BD71FB3973600653E5D /* MetalKit.framework in Frameworks */ = {isa = PBXBuildFile; fileRef = D8388BD41FB3972E00653E5D /* MetalKit.framework */; };
		D8388BDB1FB3A2F000653E5D /* PolluxViewController.swift in Sources */ = {isa = PBXBuildFile; fileRef = D8388BDA1FB3A2F000653E5D /* PolluxViewController.swift */; };
		D8388BF81FB3A7E800653E5D /* PolluxRenderer.swift in Sources */ = {isa = PBXBuildFile; fileRef = D8388BF71FB3A7E800653E5D /* PolluxRenderer.swift */; };
		D84F8F201FC4682E0001CF76 /* simd_la.swift in Sources */ = {isa = PBXBuildFile; fileRef = D84F8F1F1FC4682E0001CF76 /* simd_la.swift */; };
		D84F8F221FC483320001CF76 /* intersections_header.metal in Sources */ = {isa = PBXBuildFile; fileRef = D84F8F211FC483320001CF76 /* intersections_header.metal */; };
		D85B3EA51FB3E92D001036B0 /* renderBuffer.metal in Sources */ = {isa = PBXBuildFile; fileRef = D85B3EA41FB3E92D001036B0 /* renderBuffer.metal */; };
		D8718BD01FB2BE7B00260B81 /* AppDelegate.swift in Sources */ = {isa = PBXBuildFile; fileRef = D8718BCF1FB2BE7B00260B81 /* AppDelegate.swift */; };
		D8718BD41FB2BE7B00260B81 /* Assets.xcassets in Resources */ = {isa = PBXBuildFile; fileRef = D8718BD31FB2BE7B00260B81 /* Assets.xcassets */; };
		D8718BD71FB2BE7B00260B81 /* Main.storyboard in Resources */ = {isa = PBXBuildFile; fileRef = D8718BD51FB2BE7B00260B81 /* Main.storyboard */; };
		D8718BE21FB2BFFF00260B81 /* pathtrace.metal in Sources */ = {isa = PBXBuildFile; fileRef = D8718BE11FB2BFFF00260B81 /* pathtrace.metal */; };
		D884B96E1FC4A284006A14CF /* SceneParser.swift in Sources */ = {isa = PBXBuildFile; fileRef = D884B96D1FC4A284006A14CF /* SceneParser.swift */; };
		D884B9711FC4EEC5006A14CF /* sphere.json in Resources */ = {isa = PBXBuildFile; fileRef = D884B9701FC4EEC5006A14CF /* sphere.json */; };
		D884B9731FC51624006A14CF /* loki.metal in Sources */ = {isa = PBXBuildFile; fileRef = D884B9721FC51624006A14CF /* loki.metal */; };
		D884B9751FC51A27006A14CF /* loki_header.metal in Sources */ = {isa = PBXBuildFile; fileRef = D884B9741FC51A27006A14CF /* loki_header.metal */; };
		D8BD56791FC5DF9900375BC2 /* interactions_header.metal in Sources */ = {isa = PBXBuildFile; fileRef = D8BD56781FC5DF9900375BC2 /* interactions_header.metal */; };
		D8BD567B1FC5E50B00375BC2 /* interactions.metal in Sources */ = {isa = PBXBuildFile; fileRef = D8BD567A1FC5E50B00375BC2 /* interactions.metal */; };
		D8BD56801FC5F8A000375BC2 /* bsdf_shading_header.metal in Sources */ = {isa = PBXBuildFile; fileRef = D8BD567F1FC5F8A000375BC2 /* bsdf_shading_header.metal */; };
		D8BD56821FC5F9F600375BC2 /* bsdf_shading.metal in Sources */ = {isa = PBXBuildFile; fileRef = D8BD56811FC5F9F600375BC2 /* bsdf_shading.metal */; };
		D8BD56841FC5FDEA00375BC2 /* cornell.json in Resources */ = {isa = PBXBuildFile; fileRef = D8BD56831FC5FDEA00375BC2 /* cornell.json */; };
		D8D1E6EA1FD5D332005A6757 /* PolluxViewController.swift in Sources */ = {isa = PBXBuildFile; fileRef = D8388BDA1FB3A2F000653E5D /* PolluxViewController.swift */; };
		D8D1E6EB1FD5D332005A6757 /* SceneParser.swift in Sources */ = {isa = PBXBuildFile; fileRef = D884B96D1FC4A284006A14CF /* SceneParser.swift */; };
		D8D1E6EC1FD5D332005A6757 /* PolluxRenderer.swift in Sources */ = {isa = PBXBuildFile; fileRef = D8388BF71FB3A7E800653E5D /* PolluxRenderer.swift */; };
		D8D1E6ED1FD5D332005A6757 /* StreamCompactor.swift in Sources */ = {isa = PBXBuildFile; fileRef = D826EDFF1FCA4E750078118A /* StreamCompactor.swift */; };
		D8D1E6EE1FD5D332005A6757 /* StreamCompactor.metal in Sources */ = {isa = PBXBuildFile; fileRef = D826EDFE1FCA4E750078118A /* StreamCompactor.metal */; };
		D8D1E6EF1FD5D332005A6757 /* pathtrace.metal in Sources */ = {isa = PBXBuildFile; fileRef = D8718BE11FB2BFFF00260B81 /* pathtrace.metal */; };
		D8D1E6F01FD5D332005A6757 /* intersections_header.metal in Sources */ = {isa = PBXBuildFile; fileRef = D84F8F211FC483320001CF76 /* intersections_header.metal */; };
		D8D1E6F11FD5D332005A6757 /* intersections.metal in Sources */ = {isa = PBXBuildFile; fileRef = D811105F1FC455E80059C01B /* intersections.metal */; };
		D8D1E6F21FD5D332005A6757 /* interactions_header.metal in Sources */ = {isa = PBXBuildFile; fileRef = D8BD56781FC5DF9900375BC2 /* interactions_header.metal */; };
		D8D1E6F31FD5D332005A6757 /* interactions.metal in Sources */ = {isa = PBXBuildFile; fileRef = D8BD567A1FC5E50B00375BC2 /* interactions.metal */; };
		D8D1E6F41FD5D332005A6757 /* bsdf_shading_header.metal in Sources */ = {isa = PBXBuildFile; fileRef = D8BD567F1FC5F8A000375BC2 /* bsdf_shading_header.metal */; };
		D8D1E6F51FD5D332005A6757 /* bsdf_shading.metal in Sources */ = {isa = PBXBuildFile; fileRef = D8BD56811FC5F9F600375BC2 /* bsdf_shading.metal */; };
		D8D1E6F61FD5D332005A6757 /* loki_header.metal in Sources */ = {isa = PBXBuildFile; fileRef = D884B9741FC51A27006A14CF /* loki_header.metal */; };
		D8D1E6F71FD5D332005A6757 /* loki.metal in Sources */ = {isa = PBXBuildFile; fileRef = D884B9721FC51624006A14CF /* loki.metal */; };
		D8D1E6F81FD5D332005A6757 /* PolluxTypes.h in Sources */ = {isa = PBXBuildFile; fileRef = D85B3EA61FB3F58D001036B0 /* PolluxTypes.h */; };
		D8D1E6F91FD5D332005A6757 /* Constants.h in Sources */ = {isa = PBXBuildFile; fileRef = D8BD567E1FC5ED3700375BC2 /* Constants.h */; };
		D8D1E6FA1FD5D332005A6757 /* simd_la.swift in Sources */ = {isa = PBXBuildFile; fileRef = D84F8F1F1FC4682E0001CF76 /* simd_la.swift */; };
		D8D1E6FB1FD5D332005A6757 /* SharedBuffer.swift in Sources */ = {isa = PBXBuildFile; fileRef = D825716E1FBF9F2C00352CDD /* SharedBuffer.swift */; };
		D8D1E6FC1FD5D332005A6757 /* DeviceBuffer.swift in Sources */ = {isa = PBXBuildFile; fileRef = D80BE5691FCE5D7C0023713F /* DeviceBuffer.swift */; };
		D8D1E6FD1FD5D332005A6757 /* PlatformTypes.swift in Sources */ = {isa = PBXBuildFile; fileRef = D826C02E1FC867AE00BD8A3E /* PlatformTypes.swift */; };
		D8D1E6FE1FD5D332005A6757 /* AppDelegate.swift in Sources */ = {isa = PBXBuildFile; fileRef = D826C08A1FC88E0C00BD8A3E /* AppDelegate.swift */; };
		D8D1E6FF1FD5D332005A6757 /* Assets.xcassets in Sources */ = {isa = PBXBuildFile; fileRef = D826C0911FC88E0C00BD8A3E /* Assets.xcassets */; };
		D8D1E7001FD5D332005A6757 /* Info.plist in Sources */ = {isa = PBXBuildFile; fileRef = D826C0961FC88E0C00BD8A3E /* Info.plist */; };
		D8D1E7021FD5D33F005A6757 /* Metal.framework in Frameworks */ = {isa = PBXBuildFile; fileRef = D8388BF31FB3A54900653E5D /* Metal.framework */; };
		D8D1E7031FD5D33F005A6757 /* MetalKit.framework in Frameworks */ = {isa = PBXBuildFile; fileRef = D8388BF41FB3A54900653E5D /* MetalKit.framework */; };
		D8D1E7041FD5D3C3005A6757 /* Main.storyboard in Resources */ = {isa = PBXBuildFile; fileRef = D826C08E1FC88E0C00BD8A3E /* Main.storyboard */; };
		D8D1E7051FD5D3C3005A6757 /* Assets.xcassets in Resources */ = {isa = PBXBuildFile; fileRef = D826C0911FC88E0C00BD8A3E /* Assets.xcassets */; };
		D8D1E7061FD5D3C3005A6757 /* LaunchScreen.storyboard in Resources */ = {isa = PBXBuildFile; fileRef = D826C0931FC88E0C00BD8A3E /* LaunchScreen.storyboard */; };
		D8D1E7071FD5D48D005A6757 /* cornell.json in Resources */ = {isa = PBXBuildFile; fileRef = D8BD56831FC5FDEA00375BC2 /* cornell.json */; };
		D8D1E7081FD5D48D005A6757 /* sphere.json in Resources */ = {isa = PBXBuildFile; fileRef = D884B9701FC4EEC5006A14CF /* sphere.json */; };
		D8D1E70A1FD5D562005A6757 /* cornell-ios.json in Resources */ = {isa = PBXBuildFile; fileRef = D8D1E7091FD5D562005A6757 /* cornell-ios.json */; };
		D8D1E70B1FD5D565005A6757 /* cornell-ios.json in Resources */ = {isa = PBXBuildFile; fileRef = D8D1E7091FD5D562005A6757 /* cornell-ios.json */; };
		D8D20F8B1FBA1AD800345C2F /* Structs.swift in Sources */ = {isa = PBXBuildFile; fileRef = D8D20F8A1FBA1AD800345C2F /* Structs.swift */; };
		D8E60DCB1FD7A3AA00755A06 /* cornell-refract.json in Resources */ = {isa = PBXBuildFile; fileRef = D8E60DC91FD7A3A900755A06 /* cornell-refract.json */; };
		D8E60DCC1FD7A3AA00755A06 /* cornell-refract-ios.json in Resources */ = {isa = PBXBuildFile; fileRef = D8E60DCA1FD7A3AA00755A06 /* cornell-refract-ios.json */; };
/* End PBXBuildFile section */

/* Begin PBXFileReference section */
		0B0641FE1FD8B4A200EECC64 /* Texture.swift */ = {isa = PBXFileReference; lastKnownFileType = sourcecode.swift; path = Texture.swift; sourceTree = "<group>"; };
		0B0642011FD8BA0900EECC64 /* environment1.png */ = {isa = PBXFileReference; lastKnownFileType = image.png; path = environment1.png; sourceTree = "<group>"; };
		0B0642071FD8C23D00EECC64 /* environment.json */ = {isa = PBXFileReference; lastKnownFileType = text.json; path = environment.json; sourceTree = "<group>"; };
		D80BE5691FCE5D7C0023713F /* DeviceBuffer.swift */ = {isa = PBXFileReference; lastKnownFileType = sourcecode.swift; path = DeviceBuffer.swift; sourceTree = "<group>"; };
		D811105F1FC455E80059C01B /* intersections.metal */ = {isa = PBXFileReference; lastKnownFileType = sourcecode.metal; path = intersections.metal; sourceTree = "<group>"; };
		D822E22E1FD70F38009CF57D /* cornell-reflect.json */ = {isa = PBXFileReference; fileEncoding = 4; lastKnownFileType = text.json; path = "cornell-reflect.json"; sourceTree = "<group>"; };
		D822E22F1FD70F38009CF57D /* cornell-reflect-ios.json */ = {isa = PBXFileReference; fileEncoding = 4; lastKnownFileType = text.json; path = "cornell-reflect-ios.json"; sourceTree = "<group>"; };
		D82563CB1FBCF73A00385DA6 /* SceneDelegate.swift */ = {isa = PBXFileReference; lastKnownFileType = sourcecode.swift; path = SceneDelegate.swift; sourceTree = "<group>"; };
		D82563CD1FBD056E00385DA6 /* Scene.swift */ = {isa = PBXFileReference; lastKnownFileType = sourcecode.swift; path = Scene.swift; sourceTree = "<group>"; };
		D825716E1FBF9F2C00352CDD /* SharedBuffer.swift */ = {isa = PBXFileReference; lastKnownFileType = sourcecode.swift; path = SharedBuffer.swift; sourceTree = "<group>"; };
		D826C02E1FC867AE00BD8A3E /* PlatformTypes.swift */ = {isa = PBXFileReference; lastKnownFileType = sourcecode.swift; path = PlatformTypes.swift; sourceTree = "<group>"; };
		D826C08A1FC88E0C00BD8A3E /* AppDelegate.swift */ = {isa = PBXFileReference; lastKnownFileType = sourcecode.swift; path = AppDelegate.swift; sourceTree = "<group>"; };
		D826C08F1FC88E0C00BD8A3E /* Base */ = {isa = PBXFileReference; lastKnownFileType = file.storyboard; name = Base; path = Base.lproj/Main.storyboard; sourceTree = "<group>"; };
		D826C0911FC88E0C00BD8A3E /* Assets.xcassets */ = {isa = PBXFileReference; lastKnownFileType = folder.assetcatalog; path = Assets.xcassets; sourceTree = "<group>"; };
		D826C0941FC88E0C00BD8A3E /* Base */ = {isa = PBXFileReference; lastKnownFileType = file.storyboard; name = Base; path = Base.lproj/LaunchScreen.storyboard; sourceTree = "<group>"; };
		D826C0961FC88E0C00BD8A3E /* Info.plist */ = {isa = PBXFileReference; lastKnownFileType = text.plist.xml; path = Info.plist; sourceTree = "<group>"; };
		D826EDFE1FCA4E750078118A /* StreamCompactor.metal */ = {isa = PBXFileReference; fileEncoding = 4; lastKnownFileType = sourcecode.metal; path = StreamCompactor.metal; sourceTree = "<group>"; };
		D826EDFF1FCA4E750078118A /* StreamCompactor.swift */ = {isa = PBXFileReference; fileEncoding = 4; lastKnownFileType = sourcecode.swift; path = StreamCompactor.swift; sourceTree = "<group>"; };
		D8388BD41FB3972E00653E5D /* MetalKit.framework */ = {isa = PBXFileReference; lastKnownFileType = wrapper.framework; name = MetalKit.framework; path = System/Library/Frameworks/MetalKit.framework; sourceTree = SDKROOT; };
		D8388BD51FB3972E00653E5D /* Metal.framework */ = {isa = PBXFileReference; lastKnownFileType = wrapper.framework; name = Metal.framework; path = System/Library/Frameworks/Metal.framework; sourceTree = SDKROOT; };
		D8388BDA1FB3A2F000653E5D /* PolluxViewController.swift */ = {isa = PBXFileReference; lastKnownFileType = sourcecode.swift; path = PolluxViewController.swift; sourceTree = "<group>"; };
		D8388BF31FB3A54900653E5D /* Metal.framework */ = {isa = PBXFileReference; lastKnownFileType = wrapper.framework; name = Metal.framework; path = Platforms/iPhoneOS.platform/Developer/SDKs/iPhoneOS11.1.sdk/System/Library/Frameworks/Metal.framework; sourceTree = DEVELOPER_DIR; };
		D8388BF41FB3A54900653E5D /* MetalKit.framework */ = {isa = PBXFileReference; lastKnownFileType = wrapper.framework; name = MetalKit.framework; path = Platforms/iPhoneOS.platform/Developer/SDKs/iPhoneOS11.1.sdk/System/Library/Frameworks/MetalKit.framework; sourceTree = DEVELOPER_DIR; };
		D8388BF71FB3A7E800653E5D /* PolluxRenderer.swift */ = {isa = PBXFileReference; lastKnownFileType = sourcecode.swift; path = PolluxRenderer.swift; sourceTree = "<group>"; };
		D84F8F1F1FC4682E0001CF76 /* simd_la.swift */ = {isa = PBXFileReference; lastKnownFileType = sourcecode.swift; path = simd_la.swift; sourceTree = "<group>"; };
		D84F8F211FC483320001CF76 /* intersections_header.metal */ = {isa = PBXFileReference; lastKnownFileType = sourcecode.metal; path = intersections_header.metal; sourceTree = "<group>"; };
		D85B3EA41FB3E92D001036B0 /* renderBuffer.metal */ = {isa = PBXFileReference; lastKnownFileType = sourcecode.metal; path = renderBuffer.metal; sourceTree = "<group>"; };
		D85B3EA61FB3F58D001036B0 /* PolluxTypes.h */ = {isa = PBXFileReference; lastKnownFileType = sourcecode.c.h; path = PolluxTypes.h; sourceTree = "<group>"; };
		D85B3EA71FB3F5D0001036B0 /* Pollux-Bridging-Header.h */ = {isa = PBXFileReference; lastKnownFileType = sourcecode.c.h; path = "Pollux-Bridging-Header.h"; sourceTree = "<group>"; };
		D8718BCC1FB2BE7B00260B81 /* Pollux-macOS.app */ = {isa = PBXFileReference; explicitFileType = wrapper.application; includeInIndex = 0; path = "Pollux-macOS.app"; sourceTree = BUILT_PRODUCTS_DIR; };
		D8718BCF1FB2BE7B00260B81 /* AppDelegate.swift */ = {isa = PBXFileReference; lastKnownFileType = sourcecode.swift; path = AppDelegate.swift; sourceTree = "<group>"; };
		D8718BD31FB2BE7B00260B81 /* Assets.xcassets */ = {isa = PBXFileReference; lastKnownFileType = folder.assetcatalog; path = Assets.xcassets; sourceTree = "<group>"; };
		D8718BD61FB2BE7B00260B81 /* Base */ = {isa = PBXFileReference; lastKnownFileType = file.storyboard; name = Base; path = Base.lproj/Main.storyboard; sourceTree = "<group>"; };
		D8718BD81FB2BE7B00260B81 /* Info.plist */ = {isa = PBXFileReference; lastKnownFileType = text.plist.xml; path = Info.plist; sourceTree = "<group>"; };
		D8718BD91FB2BE7B00260B81 /* Pollux.entitlements */ = {isa = PBXFileReference; lastKnownFileType = text.plist.entitlements; path = Pollux.entitlements; sourceTree = "<group>"; };
		D8718BDF1FB2BED300260B81 /* draggo.jpg */ = {isa = PBXFileReference; lastKnownFileType = image.jpeg; path = draggo.jpg; sourceTree = "<group>"; };
		D8718BE11FB2BFFF00260B81 /* pathtrace.metal */ = {isa = PBXFileReference; lastKnownFileType = sourcecode.metal; path = pathtrace.metal; sourceTree = "<group>"; };
		D884B96D1FC4A284006A14CF /* SceneParser.swift */ = {isa = PBXFileReference; lastKnownFileType = sourcecode.swift; path = SceneParser.swift; sourceTree = "<group>"; };
		D884B9701FC4EEC5006A14CF /* sphere.json */ = {isa = PBXFileReference; fileEncoding = 4; lastKnownFileType = text.json; path = sphere.json; sourceTree = "<group>"; };
		D884B9721FC51624006A14CF /* loki.metal */ = {isa = PBXFileReference; lastKnownFileType = sourcecode.metal; path = loki.metal; sourceTree = "<group>"; };
		D884B9741FC51A27006A14CF /* loki_header.metal */ = {isa = PBXFileReference; lastKnownFileType = sourcecode.metal; path = loki_header.metal; sourceTree = "<group>"; };
		D8BD56781FC5DF9900375BC2 /* interactions_header.metal */ = {isa = PBXFileReference; lastKnownFileType = sourcecode.metal; name = interactions_header.metal; path = Pollux/Shaders/interactions_header.metal; sourceTree = SOURCE_ROOT; };
		D8BD567A1FC5E50B00375BC2 /* interactions.metal */ = {isa = PBXFileReference; lastKnownFileType = sourcecode.metal; path = interactions.metal; sourceTree = "<group>"; };
		D8BD567E1FC5ED3700375BC2 /* Constants.h */ = {isa = PBXFileReference; lastKnownFileType = sourcecode.c.h; path = Constants.h; sourceTree = "<group>"; };
		D8BD567F1FC5F8A000375BC2 /* bsdf_shading_header.metal */ = {isa = PBXFileReference; lastKnownFileType = sourcecode.metal; path = bsdf_shading_header.metal; sourceTree = "<group>"; };
		D8BD56811FC5F9F600375BC2 /* bsdf_shading.metal */ = {isa = PBXFileReference; lastKnownFileType = sourcecode.metal; path = bsdf_shading.metal; sourceTree = "<group>"; };
		D8BD56831FC5FDEA00375BC2 /* cornell.json */ = {isa = PBXFileReference; fileEncoding = 4; lastKnownFileType = text.json; path = cornell.json; sourceTree = "<group>"; };
		D8D1E6D81FD5D316005A6757 /* Pollux-iOS.app */ = {isa = PBXFileReference; explicitFileType = wrapper.application; includeInIndex = 0; path = "Pollux-iOS.app"; sourceTree = BUILT_PRODUCTS_DIR; };
		D8D1E7091FD5D562005A6757 /* cornell-ios.json */ = {isa = PBXFileReference; fileEncoding = 4; lastKnownFileType = text.json; path = "cornell-ios.json"; sourceTree = "<group>"; };
		D8D20F8A1FBA1AD800345C2F /* Structs.swift */ = {isa = PBXFileReference; lastKnownFileType = sourcecode.swift; path = Structs.swift; sourceTree = "<group>"; };
		D8E60DC91FD7A3A900755A06 /* cornell-refract.json */ = {isa = PBXFileReference; fileEncoding = 4; lastKnownFileType = text.json; path = "cornell-refract.json"; sourceTree = "<group>"; };
		D8E60DCA1FD7A3AA00755A06 /* cornell-refract-ios.json */ = {isa = PBXFileReference; fileEncoding = 4; lastKnownFileType = text.json; path = "cornell-refract-ios.json"; sourceTree = "<group>"; };
/* End PBXFileReference section */

/* Begin PBXFrameworksBuildPhase section */
		D8718BC91FB2BE7B00260B81 /* Frameworks */ = {
			isa = PBXFrameworksBuildPhase;
			buildActionMask = 2147483647;
			files = (
				D8388BD61FB3973600653E5D /* Metal.framework in Frameworks */,
				D8388BD71FB3973600653E5D /* MetalKit.framework in Frameworks */,
			);
			runOnlyForDeploymentPostprocessing = 0;
		};
		D8D1E6D51FD5D316005A6757 /* Frameworks */ = {
			isa = PBXFrameworksBuildPhase;
			buildActionMask = 2147483647;
			files = (
				D8D1E7021FD5D33F005A6757 /* Metal.framework in Frameworks */,
				D8D1E7031FD5D33F005A6757 /* MetalKit.framework in Frameworks */,
			);
			runOnlyForDeploymentPostprocessing = 0;
		};
/* End PBXFrameworksBuildPhase section */

/* Begin PBXGroup section */
		D826C0891FC88E0C00BD8A3E /* Pollux-iOS */ = {
			isa = PBXGroup;
			children = (
				D826C08A1FC88E0C00BD8A3E /* AppDelegate.swift */,
				D826C08E1FC88E0C00BD8A3E /* Main.storyboard */,
				D826C0911FC88E0C00BD8A3E /* Assets.xcassets */,
				D826C0931FC88E0C00BD8A3E /* LaunchScreen.storyboard */,
				D826C0961FC88E0C00BD8A3E /* Info.plist */,
			);
			path = "Pollux-iOS";
			sourceTree = "<group>";
		};
		D826EDFD1FCA4E750078118A /* Stream Compaction */ = {
			isa = PBXGroup;
			children = (
				D826EDFF1FCA4E750078118A /* StreamCompactor.swift */,
				D826EDFE1FCA4E750078118A /* StreamCompactor.metal */,
			);
			path = "Stream Compaction";
			sourceTree = "<group>";
		};
		D8388BD31FB3972E00653E5D /* Frameworks */ = {
			isa = PBXGroup;
			children = (
				D8388BF31FB3A54900653E5D /* Metal.framework */,
				D8388BF41FB3A54900653E5D /* MetalKit.framework */,
				D8388BD51FB3972E00653E5D /* Metal.framework */,
				D8388BD41FB3972E00653E5D /* MetalKit.framework */,
			);
			name = Frameworks;
			sourceTree = "<group>";
		};
		D8388BDC1FB3A51900653E5D /* macOS */ = {
			isa = PBXGroup;
			children = (
				D8718BCF1FB2BE7B00260B81 /* AppDelegate.swift */,
				D8718BD81FB2BE7B00260B81 /* Info.plist */,
				D8718BD31FB2BE7B00260B81 /* Assets.xcassets */,
				D8718BD51FB2BE7B00260B81 /* Main.storyboard */,
			);
			path = macOS;
			sourceTree = "<group>";
		};
		D85A88DD1FC4940E00E5F6A2 /* Data_Types */ = {
			isa = PBXGroup;
			children = (
				D85B3EA61FB3F58D001036B0 /* PolluxTypes.h */,
				D8BD567E1FC5ED3700375BC2 /* Constants.h */,
				D84F8F1F1FC4682E0001CF76 /* simd_la.swift */,
				D825716E1FBF9F2C00352CDD /* SharedBuffer.swift */,
				D80BE5691FCE5D7C0023713F /* DeviceBuffer.swift */,
				D826C02E1FC867AE00BD8A3E /* PlatformTypes.swift */,
				0B0641FE1FD8B4A200EECC64 /* Texture.swift */,
			);
			path = Data_Types;
			sourceTree = "<group>";
		};
		D85A88DE1FC4942000E5F6A2 /* Shaders */ = {
			isa = PBXGroup;
			children = (
				D8718BE11FB2BFFF00260B81 /* pathtrace.metal */,
				D84F8F211FC483320001CF76 /* intersections_header.metal */,
				D811105F1FC455E80059C01B /* intersections.metal */,
				D8BD56781FC5DF9900375BC2 /* interactions_header.metal */,
				D8BD567A1FC5E50B00375BC2 /* interactions.metal */,
				D8BD567F1FC5F8A000375BC2 /* bsdf_shading_header.metal */,
				D8BD56811FC5F9F600375BC2 /* bsdf_shading.metal */,
				D884B9761FC51B3B006A14CF /* Loki */,
			);
			path = Shaders;
			sourceTree = "<group>";
		};
		D8718BC31FB2BE7B00260B81 = {
			isa = PBXGroup;
			children = (
				D8718BCE1FB2BE7B00260B81 /* Pollux */,
				D8718BCD1FB2BE7B00260B81 /* Products */,
				D8388BD31FB3972E00653E5D /* Frameworks */,
			);
			sourceTree = "<group>";
		};
		D8718BCD1FB2BE7B00260B81 /* Products */ = {
			isa = PBXGroup;
			children = (
				D8718BCC1FB2BE7B00260B81 /* Pollux-macOS.app */,
				D8D1E6D81FD5D316005A6757 /* Pollux-iOS.app */,
			);
			name = Products;
			sourceTree = "<group>";
		};
		D8718BCE1FB2BE7B00260B81 /* Pollux */ = {
			isa = PBXGroup;
			children = (
				D8388BDA1FB3A2F000653E5D /* PolluxViewController.swift */,
				D884B96D1FC4A284006A14CF /* SceneParser.swift */,
				D8388BF71FB3A7E800653E5D /* PolluxRenderer.swift */,
				D826EDFD1FCA4E750078118A /* Stream Compaction */,
				D884B96F1FC4AA98006A14CF /* Scenes */,
				D85A88DE1FC4942000E5F6A2 /* Shaders */,
				D85A88DD1FC4940E00E5F6A2 /* Data_Types */,
				D8B81AC91FBE56D500E2AE82 /* Dregs */,
				D826C0891FC88E0C00BD8A3E /* Pollux-iOS */,
				D8388BDC1FB3A51900653E5D /* macOS */,
				D8718BD91FB2BE7B00260B81 /* Pollux.entitlements */,
				D85B3EA71FB3F5D0001036B0 /* Pollux-Bridging-Header.h */,
			);
			path = Pollux;
			sourceTree = "<group>";
		};
		D884B96F1FC4AA98006A14CF /* Scenes */ = {
			isa = PBXGroup;
			children = (
				0B0642011FD8BA0900EECC64 /* environment1.png */,
				D8E60DCA1FD7A3AA00755A06 /* cornell-refract-ios.json */,
				D8E60DC91FD7A3A900755A06 /* cornell-refract.json */,
				D822E22F1FD70F38009CF57D /* cornell-reflect-ios.json */,
				D822E22E1FD70F38009CF57D /* cornell-reflect.json */,
				D8D1E7091FD5D562005A6757 /* cornell-ios.json */,
				D8BD56831FC5FDEA00375BC2 /* cornell.json */,
				D884B9701FC4EEC5006A14CF /* sphere.json */,
				0B0642071FD8C23D00EECC64 /* environment.json */,
			);
			path = Scenes;
			sourceTree = "<group>";
		};
		D884B9761FC51B3B006A14CF /* Loki */ = {
			isa = PBXGroup;
			children = (
				D884B9741FC51A27006A14CF /* loki_header.metal */,
				D884B9721FC51624006A14CF /* loki.metal */,
			);
			path = Loki;
			sourceTree = "<group>";
		};
		D8B81AC91FBE56D500E2AE82 /* Dregs */ = {
			isa = PBXGroup;
			children = (
				D8718BDF1FB2BED300260B81 /* draggo.jpg */,
				D85B3EA41FB3E92D001036B0 /* renderBuffer.metal */,
				D82563CB1FBCF73A00385DA6 /* SceneDelegate.swift */,
				D82563CD1FBD056E00385DA6 /* Scene.swift */,
				D8D20F8A1FBA1AD800345C2F /* Structs.swift */,
			);
			path = Dregs;
			sourceTree = "<group>";
		};
/* End PBXGroup section */

/* Begin PBXNativeTarget section */
		D8718BCB1FB2BE7B00260B81 /* Pollux-macOS */ = {
			isa = PBXNativeTarget;
			buildConfigurationList = D8718BDC1FB2BE7B00260B81 /* Build configuration list for PBXNativeTarget "Pollux-macOS" */;
			buildPhases = (
				D8718BC81FB2BE7B00260B81 /* Sources */,
				D8718BC91FB2BE7B00260B81 /* Frameworks */,
				D8718BCA1FB2BE7B00260B81 /* Resources */,
			);
			buildRules = (
			);
			dependencies = (
			);
			name = "Pollux-macOS";
			productName = Pollux;
			productReference = D8718BCC1FB2BE7B00260B81 /* Pollux-macOS.app */;
			productType = "com.apple.product-type.application";
		};
		D8D1E6D71FD5D316005A6757 /* Pollux-iOS */ = {
			isa = PBXNativeTarget;
			buildConfigurationList = D8D1E6E71FD5D316005A6757 /* Build configuration list for PBXNativeTarget "Pollux-iOS" */;
			buildPhases = (
				D8D1E6D41FD5D316005A6757 /* Sources */,
				D8D1E6D51FD5D316005A6757 /* Frameworks */,
				D8D1E6D61FD5D316005A6757 /* Resources */,
			);
			buildRules = (
			);
			dependencies = (
			);
			name = "Pollux-iOS";
			productName = "Pollux-iOS";
			productReference = D8D1E6D81FD5D316005A6757 /* Pollux-iOS.app */;
			productType = "com.apple.product-type.application";
		};
/* End PBXNativeTarget section */

/* Begin PBXProject section */
		D8718BC41FB2BE7B00260B81 /* Project object */ = {
			isa = PBXProject;
			attributes = {
				LastSwiftUpdateCheck = 0910;
				LastUpgradeCheck = 0910;
				ORGANIZATIONNAME = "Youssef Victor";
				TargetAttributes = {
					D8718BCB1FB2BE7B00260B81 = {
						CreatedOnToolsVersion = 9.1;
						LastSwiftMigration = 0910;
						ProvisioningStyle = Automatic;
					};
					D8D1E6D71FD5D316005A6757 = {
						CreatedOnToolsVersion = 9.1;
						ProvisioningStyle = Automatic;
					};
				};
			};
			buildConfigurationList = D8718BC71FB2BE7B00260B81 /* Build configuration list for PBXProject "Pollux" */;
			compatibilityVersion = "Xcode 8.0";
			developmentRegion = en;
			hasScannedForEncodings = 0;
			knownRegions = (
				en,
				Base,
			);
			mainGroup = D8718BC31FB2BE7B00260B81;
			productRefGroup = D8718BCD1FB2BE7B00260B81 /* Products */;
			projectDirPath = "";
			projectRoot = "";
			targets = (
				D8718BCB1FB2BE7B00260B81 /* Pollux-macOS */,
				D8D1E6D71FD5D316005A6757 /* Pollux-iOS */,
			);
		};
/* End PBXProject section */

/* Begin PBXResourcesBuildPhase section */
		D8718BCA1FB2BE7B00260B81 /* Resources */ = {
			isa = PBXResourcesBuildPhase;
			buildActionMask = 2147483647;
			files = (
				D8BD56841FC5FDEA00375BC2 /* cornell.json in Resources */,
				D822E2311FD70F38009CF57D /* cornell-reflect-ios.json in Resources */,
				D8E60DCC1FD7A3AA00755A06 /* cornell-refract-ios.json in Resources */,
				0B0642021FD8BA0900EECC64 /* environment1.png in Resources */,
				D822E2301FD70F38009CF57D /* cornell-reflect.json in Resources */,
				D8718BD41FB2BE7B00260B81 /* Assets.xcassets in Resources */,
				0B0642081FD8C23D00EECC64 /* environment.json in Resources */,
				D884B9711FC4EEC5006A14CF /* sphere.json in Resources */,
				D8718BD71FB2BE7B00260B81 /* Main.storyboard in Resources */,
				D8D1E70A1FD5D562005A6757 /* cornell-ios.json in Resources */,
				D8E60DCB1FD7A3AA00755A06 /* cornell-refract.json in Resources */,
			);
			runOnlyForDeploymentPostprocessing = 0;
		};
		D8D1E6D61FD5D316005A6757 /* Resources */ = {
			isa = PBXResourcesBuildPhase;
			buildActionMask = 2147483647;
			files = (
				D8D1E70B1FD5D565005A6757 /* cornell-ios.json in Resources */,
				D8D1E7071FD5D48D005A6757 /* cornell.json in Resources */,
				D8D1E7081FD5D48D005A6757 /* sphere.json in Resources */,
				D8D1E7041FD5D3C3005A6757 /* Main.storyboard in Resources */,
				0B0642031FD8BA0900EECC64 /* environment1.png in Resources */,
				0B0642091FD8C23D00EECC64 /* environment.json in Resources */,
				D8D1E7051FD5D3C3005A6757 /* Assets.xcassets in Resources */,
				D8D1E7061FD5D3C3005A6757 /* LaunchScreen.storyboard in Resources */,
			);
			runOnlyForDeploymentPostprocessing = 0;
		};
/* End PBXResourcesBuildPhase section */

/* Begin PBXSourcesBuildPhase section */
		D8718BC81FB2BE7B00260B81 /* Sources */ = {
			isa = PBXSourcesBuildPhase;
			buildActionMask = 2147483647;
			files = (
				D826EE011FCA4E750078118A /* StreamCompactor.swift in Sources */,
				D826C0C31FC8930800BD8A3E /* Pollux-Bridging-Header.h in Sources */,
				D81110601FC455E80059C01B /* intersections.metal in Sources */,
				D84F8F221FC483320001CF76 /* intersections_header.metal in Sources */,
				D8D20F8B1FBA1AD800345C2F /* Structs.swift in Sources */,
				D82563CC1FBCF73A00385DA6 /* SceneDelegate.swift in Sources */,
				D8718BE21FB2BFFF00260B81 /* pathtrace.metal in Sources */,
				D8BD56791FC5DF9900375BC2 /* interactions_header.metal in Sources */,
				0B0641FF1FD8B4A200EECC64 /* Texture.swift in Sources */,
				D8718BD01FB2BE7B00260B81 /* AppDelegate.swift in Sources */,
				D8BD567B1FC5E50B00375BC2 /* interactions.metal in Sources */,
				D884B9731FC51624006A14CF /* loki.metal in Sources */,
				D884B96E1FC4A284006A14CF /* SceneParser.swift in Sources */,
				D82563CE1FBD056E00385DA6 /* Scene.swift in Sources */,
				D884B9751FC51A27006A14CF /* loki_header.metal in Sources */,
				D826C02F1FC867AE00BD8A3E /* PlatformTypes.swift in Sources */,
				D8BD56801FC5F8A000375BC2 /* bsdf_shading_header.metal in Sources */,
				D8BD56821FC5F9F600375BC2 /* bsdf_shading.metal in Sources */,
				D85B3EA51FB3E92D001036B0 /* renderBuffer.metal in Sources */,
				D8388BF81FB3A7E800653E5D /* PolluxRenderer.swift in Sources */,
				D84F8F201FC4682E0001CF76 /* simd_la.swift in Sources */,
				D826EE001FCA4E750078118A /* StreamCompactor.metal in Sources */,
				D825716F1FBF9F2C00352CDD /* SharedBuffer.swift in Sources */,
				D8388BDB1FB3A2F000653E5D /* PolluxViewController.swift in Sources */,
				D80BE56A1FCE5D7C0023713F /* DeviceBuffer.swift in Sources */,
			);
			runOnlyForDeploymentPostprocessing = 0;
		};
		D8D1E6D41FD5D316005A6757 /* Sources */ = {
			isa = PBXSourcesBuildPhase;
			buildActionMask = 2147483647;
			files = (
				D8D1E6EA1FD5D332005A6757 /* PolluxViewController.swift in Sources */,
				D8D1E6EB1FD5D332005A6757 /* SceneParser.swift in Sources */,
				D8D1E6EC1FD5D332005A6757 /* PolluxRenderer.swift in Sources */,
				D8D1E6ED1FD5D332005A6757 /* StreamCompactor.swift in Sources */,
				D8D1E6EE1FD5D332005A6757 /* StreamCompactor.metal in Sources */,
				D8D1E6EF1FD5D332005A6757 /* pathtrace.metal in Sources */,
				D8D1E6F01FD5D332005A6757 /* intersections_header.metal in Sources */,
				D8D1E6F11FD5D332005A6757 /* intersections.metal in Sources */,
				D8D1E6F21FD5D332005A6757 /* interactions_header.metal in Sources */,
				D8D1E6F31FD5D332005A6757 /* interactions.metal in Sources */,
				D8D1E6F41FD5D332005A6757 /* bsdf_shading_header.metal in Sources */,
				D8D1E6F51FD5D332005A6757 /* bsdf_shading.metal in Sources */,
				D8D1E6F61FD5D332005A6757 /* loki_header.metal in Sources */,
				D8D1E6F71FD5D332005A6757 /* loki.metal in Sources */,
				D8D1E6F81FD5D332005A6757 /* PolluxTypes.h in Sources */,
				0B0642001FD8B4A200EECC64 /* Texture.swift in Sources */,
				D8D1E6F91FD5D332005A6757 /* Constants.h in Sources */,
				D8D1E6FA1FD5D332005A6757 /* simd_la.swift in Sources */,
				D8D1E6FB1FD5D332005A6757 /* SharedBuffer.swift in Sources */,
				D8D1E6FC1FD5D332005A6757 /* DeviceBuffer.swift in Sources */,
				D8D1E6FD1FD5D332005A6757 /* PlatformTypes.swift in Sources */,
				D8D1E6FE1FD5D332005A6757 /* AppDelegate.swift in Sources */,
				D8D1E6FF1FD5D332005A6757 /* Assets.xcassets in Sources */,
				D8D1E7001FD5D332005A6757 /* Info.plist in Sources */,
			);
			runOnlyForDeploymentPostprocessing = 0;
		};
/* End PBXSourcesBuildPhase section */

/* Begin PBXVariantGroup section */
		D826C08E1FC88E0C00BD8A3E /* Main.storyboard */ = {
			isa = PBXVariantGroup;
			children = (
				D826C08F1FC88E0C00BD8A3E /* Base */,
			);
			name = Main.storyboard;
			sourceTree = "<group>";
		};
		D826C0931FC88E0C00BD8A3E /* LaunchScreen.storyboard */ = {
			isa = PBXVariantGroup;
			children = (
				D826C0941FC88E0C00BD8A3E /* Base */,
			);
			name = LaunchScreen.storyboard;
			sourceTree = "<group>";
		};
		D8718BD51FB2BE7B00260B81 /* Main.storyboard */ = {
			isa = PBXVariantGroup;
			children = (
				D8718BD61FB2BE7B00260B81 /* Base */,
			);
			name = Main.storyboard;
			sourceTree = "<group>";
		};
/* End PBXVariantGroup section */

/* Begin XCBuildConfiguration section */
		D8718BDA1FB2BE7B00260B81 /* Debug */ = {
			isa = XCBuildConfiguration;
			buildSettings = {
				ALWAYS_SEARCH_USER_PATHS = NO;
				CLANG_ANALYZER_NONNULL = YES;
				CLANG_ANALYZER_NUMBER_OBJECT_CONVERSION = YES_AGGRESSIVE;
				CLANG_CXX_LANGUAGE_STANDARD = "gnu++14";
				CLANG_CXX_LIBRARY = "libc++";
				CLANG_ENABLE_MODULES = YES;
				CLANG_ENABLE_OBJC_ARC = YES;
				CLANG_WARN_BLOCK_CAPTURE_AUTORELEASING = YES;
				CLANG_WARN_BOOL_CONVERSION = YES;
				CLANG_WARN_COMMA = YES;
				CLANG_WARN_CONSTANT_CONVERSION = YES;
				CLANG_WARN_DIRECT_OBJC_ISA_USAGE = YES_ERROR;
				CLANG_WARN_DOCUMENTATION_COMMENTS = YES;
				CLANG_WARN_EMPTY_BODY = YES;
				CLANG_WARN_ENUM_CONVERSION = YES;
				CLANG_WARN_INFINITE_RECURSION = YES;
				CLANG_WARN_INT_CONVERSION = YES;
				CLANG_WARN_NON_LITERAL_NULL_CONVERSION = YES;
				CLANG_WARN_OBJC_LITERAL_CONVERSION = YES;
				CLANG_WARN_OBJC_ROOT_CLASS = YES_ERROR;
				CLANG_WARN_RANGE_LOOP_ANALYSIS = YES;
				CLANG_WARN_STRICT_PROTOTYPES = YES;
				CLANG_WARN_SUSPICIOUS_MOVE = YES;
				CLANG_WARN_UNGUARDED_AVAILABILITY = YES_AGGRESSIVE;
				CLANG_WARN_UNREACHABLE_CODE = YES;
				CLANG_WARN__DUPLICATE_METHOD_MATCH = YES;
				CODE_SIGN_IDENTITY = "Mac Developer";
				COPY_PHASE_STRIP = NO;
				DEBUG_INFORMATION_FORMAT = dwarf;
				ENABLE_STRICT_OBJC_MSGSEND = YES;
				ENABLE_TESTABILITY = YES;
				GCC_C_LANGUAGE_STANDARD = gnu11;
				GCC_DYNAMIC_NO_PIC = NO;
				GCC_NO_COMMON_BLOCKS = YES;
				GCC_OPTIMIZATION_LEVEL = 0;
				GCC_PREPROCESSOR_DEFINITIONS = (
					"DEBUG=1",
					"$(inherited)",
				);
				GCC_WARN_64_TO_32_BIT_CONVERSION = YES;
				GCC_WARN_ABOUT_RETURN_TYPE = YES_ERROR;
				GCC_WARN_UNDECLARED_SELECTOR = YES;
				GCC_WARN_UNINITIALIZED_AUTOS = YES_AGGRESSIVE;
				GCC_WARN_UNUSED_FUNCTION = YES;
				GCC_WARN_UNUSED_VARIABLE = YES;
				MACOSX_DEPLOYMENT_TARGET = 10.12;
				MTL_ENABLE_DEBUG_INFO = YES;
				MTL_HEADER_SEARCH_PATHS = ../Pollux;
				ONLY_ACTIVE_ARCH = YES;
				SDKROOT = macosx;
				SUPPORTED_PLATFORMS = "iphonesimulator iphoneos";
				SWIFT_ACTIVE_COMPILATION_CONDITIONS = DEBUG;
				SWIFT_OBJC_BRIDGING_HEADER = "Pollux-Bridging-Header.h";
				SWIFT_OPTIMIZATION_LEVEL = "-Onone";
			};
			name = Debug;
		};
		D8718BDB1FB2BE7B00260B81 /* Release */ = {
			isa = XCBuildConfiguration;
			buildSettings = {
				ALWAYS_SEARCH_USER_PATHS = NO;
				CLANG_ANALYZER_NONNULL = YES;
				CLANG_ANALYZER_NUMBER_OBJECT_CONVERSION = YES_AGGRESSIVE;
				CLANG_CXX_LANGUAGE_STANDARD = "gnu++14";
				CLANG_CXX_LIBRARY = "libc++";
				CLANG_ENABLE_MODULES = YES;
				CLANG_ENABLE_OBJC_ARC = YES;
				CLANG_WARN_BLOCK_CAPTURE_AUTORELEASING = YES;
				CLANG_WARN_BOOL_CONVERSION = YES;
				CLANG_WARN_COMMA = YES;
				CLANG_WARN_CONSTANT_CONVERSION = YES;
				CLANG_WARN_DIRECT_OBJC_ISA_USAGE = YES_ERROR;
				CLANG_WARN_DOCUMENTATION_COMMENTS = YES;
				CLANG_WARN_EMPTY_BODY = YES;
				CLANG_WARN_ENUM_CONVERSION = YES;
				CLANG_WARN_INFINITE_RECURSION = YES;
				CLANG_WARN_INT_CONVERSION = YES;
				CLANG_WARN_NON_LITERAL_NULL_CONVERSION = YES;
				CLANG_WARN_OBJC_LITERAL_CONVERSION = YES;
				CLANG_WARN_OBJC_ROOT_CLASS = YES_ERROR;
				CLANG_WARN_RANGE_LOOP_ANALYSIS = YES;
				CLANG_WARN_STRICT_PROTOTYPES = YES;
				CLANG_WARN_SUSPICIOUS_MOVE = YES;
				CLANG_WARN_UNGUARDED_AVAILABILITY = YES_AGGRESSIVE;
				CLANG_WARN_UNREACHABLE_CODE = YES;
				CLANG_WARN__DUPLICATE_METHOD_MATCH = YES;
				CODE_SIGN_IDENTITY = "Mac Developer";
				COPY_PHASE_STRIP = NO;
				DEBUG_INFORMATION_FORMAT = "dwarf-with-dsym";
				ENABLE_NS_ASSERTIONS = NO;
				ENABLE_STRICT_OBJC_MSGSEND = YES;
				GCC_C_LANGUAGE_STANDARD = gnu11;
				GCC_NO_COMMON_BLOCKS = YES;
				GCC_WARN_64_TO_32_BIT_CONVERSION = YES;
				GCC_WARN_ABOUT_RETURN_TYPE = YES_ERROR;
				GCC_WARN_UNDECLARED_SELECTOR = YES;
				GCC_WARN_UNINITIALIZED_AUTOS = YES_AGGRESSIVE;
				GCC_WARN_UNUSED_FUNCTION = YES;
				GCC_WARN_UNUSED_VARIABLE = YES;
				MACOSX_DEPLOYMENT_TARGET = 10.12;
				MTL_ENABLE_DEBUG_INFO = NO;
				MTL_HEADER_SEARCH_PATHS = ../Pollux;
				SDKROOT = macosx;
				SUPPORTED_PLATFORMS = "iphonesimulator iphoneos";
				SWIFT_OBJC_BRIDGING_HEADER = "Pollux-Bridging-Header.h";
				SWIFT_OPTIMIZATION_LEVEL = "-Owholemodule";
			};
			name = Release;
		};
		D8718BDD1FB2BE7B00260B81 /* Debug */ = {
			isa = XCBuildConfiguration;
			buildSettings = {
				ASSETCATALOG_COMPILER_APPICON_NAME = AppIcon;
				CLANG_ENABLE_MODULES = YES;
				CODE_SIGN_ENTITLEMENTS = Pollux/Pollux.entitlements;
				CODE_SIGN_STYLE = Automatic;
				COMBINE_HIDPI_IMAGES = YES;
				DEVELOPMENT_TEAM = 638RKZ56ZV;
				INFOPLIST_FILE = "$(SRCROOT)/Pollux/macOS/Info.plist";
				LD_RUNPATH_SEARCH_PATHS = "$(inherited) @executable_path/../Frameworks";
				PRODUCT_BUNDLE_IDENTIFIER = self.edu.Pollux;
				PRODUCT_NAME = "$(TARGET_NAME)";
				SUPPORTED_PLATFORMS = macosx;
				SWIFT_OBJC_BRIDGING_HEADER = "Pollux/Pollux-Bridging-Header.h";
				SWIFT_OPTIMIZATION_LEVEL = "-Onone";
				SWIFT_VERSION = 4.0;
			};
			name = Debug;
		};
		D8718BDE1FB2BE7B00260B81 /* Release */ = {
			isa = XCBuildConfiguration;
			buildSettings = {
				ASSETCATALOG_COMPILER_APPICON_NAME = AppIcon;
				CLANG_ENABLE_MODULES = YES;
				CODE_SIGN_ENTITLEMENTS = Pollux/Pollux.entitlements;
				CODE_SIGN_STYLE = Automatic;
				COMBINE_HIDPI_IMAGES = YES;
				DEVELOPMENT_TEAM = 638RKZ56ZV;
				INFOPLIST_FILE = "$(SRCROOT)/Pollux/macOS/Info.plist";
				LD_RUNPATH_SEARCH_PATHS = "$(inherited) @executable_path/../Frameworks";
				PRODUCT_BUNDLE_IDENTIFIER = self.edu.Pollux;
				PRODUCT_NAME = "$(TARGET_NAME)";
				SUPPORTED_PLATFORMS = macosx;
				SWIFT_OBJC_BRIDGING_HEADER = "Pollux/Pollux-Bridging-Header.h";
				SWIFT_VERSION = 4.0;
			};
			name = Release;
		};
		D8D1E6E81FD5D316005A6757 /* Debug */ = {
			isa = XCBuildConfiguration;
			buildSettings = {
				ASSETCATALOG_COMPILER_APPICON_NAME = AppIcon;
				CODE_SIGN_IDENTITY = "iPhone Developer";
				CODE_SIGN_STYLE = Automatic;
				DEVELOPMENT_TEAM = F866ZHAR49;
				INFOPLIST_FILE = "Pollux-iOS/Info.plist";
				IPHONEOS_DEPLOYMENT_TARGET = 10.0;
				LD_RUNPATH_SEARCH_PATHS = "$(inherited) @executable_path/Frameworks";
				PRODUCT_BUNDLE_IDENTIFIER = "self.edu.Pollux-iOS";
				PRODUCT_NAME = "$(TARGET_NAME)";
				SDKROOT = iphoneos;
				SWIFT_OBJC_BRIDGING_HEADER = "Pollux/Pollux-Bridging-Header.h";
				SWIFT_VERSION = 4.0;
				TARGETED_DEVICE_FAMILY = "1,2";
			};
			name = Debug;
		};
		D8D1E6E91FD5D316005A6757 /* Release */ = {
			isa = XCBuildConfiguration;
			buildSettings = {
				ASSETCATALOG_COMPILER_APPICON_NAME = AppIcon;
				CODE_SIGN_IDENTITY = "iPhone Developer";
				CODE_SIGN_STYLE = Automatic;
				DEVELOPMENT_TEAM = F866ZHAR49;
				INFOPLIST_FILE = "Pollux-iOS/Info.plist";
				IPHONEOS_DEPLOYMENT_TARGET = 10.0;
				LD_RUNPATH_SEARCH_PATHS = "$(inherited) @executable_path/Frameworks";
				PRODUCT_BUNDLE_IDENTIFIER = "self.edu.Pollux-iOS";
				PRODUCT_NAME = "$(TARGET_NAME)";
				SDKROOT = iphoneos;
				SWIFT_OBJC_BRIDGING_HEADER = "Pollux/Pollux-Bridging-Header.h";
				SWIFT_VERSION = 4.0;
				TARGETED_DEVICE_FAMILY = "1,2";
				VALIDATE_PRODUCT = YES;
			};
			name = Release;
		};
/* End XCBuildConfiguration section */

/* Begin XCConfigurationList section */
		D8718BC71FB2BE7B00260B81 /* Build configuration list for PBXProject "Pollux" */ = {
			isa = XCConfigurationList;
			buildConfigurations = (
				D8718BDA1FB2BE7B00260B81 /* Debug */,
				D8718BDB1FB2BE7B00260B81 /* Release */,
			);
			defaultConfigurationIsVisible = 0;
			defaultConfigurationName = Release;
		};
		D8718BDC1FB2BE7B00260B81 /* Build configuration list for PBXNativeTarget "Pollux-macOS" */ = {
			isa = XCConfigurationList;
			buildConfigurations = (
				D8718BDD1FB2BE7B00260B81 /* Debug */,
				D8718BDE1FB2BE7B00260B81 /* Release */,
			);
			defaultConfigurationIsVisible = 0;
			defaultConfigurationName = Release;
		};
		D8D1E6E71FD5D316005A6757 /* Build configuration list for PBXNativeTarget "Pollux-iOS" */ = {
			isa = XCConfigurationList;
			buildConfigurations = (
				D8D1E6E81FD5D316005A6757 /* Debug */,
				D8D1E6E91FD5D316005A6757 /* Release */,
			);
			defaultConfigurationIsVisible = 0;
			defaultConfigurationName = Release;
		};
/* End XCConfigurationList section */
	};
	rootObject = D8718BC41FB2BE7B00260B81 /* Project object */;
}
